# Generated by pub
# See http://pub.dartlang.org/doc/glossary.html#lockfile

{"packages":{"js":{"version":"0.0.21","source":"hosted","description":"js"},"browser":{"version":"0.4.7+1","source":"hosted","description":"browser"},"stream":{"version":"0.7.0+2","source":"hosted","description":"stream"},"json_object":{"version":"1.0.14","source":"hosted","description":"json_object"},"meta":{"version":"0.4.7+1","source":"hosted","description":"meta"},"logging":{"version":"0.4.7+1","source":"hosted","description":"logging"},"rikulo_commons":{"version":"0.6.11+3","source":"hosted","description":"rikulo_commons"},"args":{"version":"0.4.7+1","source":"hosted","description":"args"},"unittest":{"version":"0.4.7+1","source":"hosted","description":"unittest"}}}
